
Microsoft Visual Studio Solution File, Format Version 12.00
# Visual Studio Version 17
VisualStudioVersion = 17.5.33516.290
MinimumVisualStudioVersion = 10.0.40219.1
Project("{FAE04EC0-301F-11D3-BF4B-00C04F79EFBC}") = "Wpf Button Homework", "Wpf Button Homework\Wpf Button Homework.csproj", "{AC618F3C-800D-438D-A51F-8BC2D6813675}"
EndProject
Global
	GlobalSection(SolutionConfigurationPlatforms) = preSolution
		Debug|Any CPU = Debug|Any CPU
		Release|Any CPU = Release|Any CPU
	EndGlobalSection
	GlobalSection(ProjectConfigurationPlatforms) = postSolution
		{AC618F3C-800D-438D-A51F-8BC2D6813675}.Debug|Any CPU.ActiveCfg = Debug|Any CPU
		{AC618F3C-800D-438D-A51F-8BC2D6813675}.Debug|Any CPU.Build.0 = Debug|Any CPU
		{AC618F3C-800D-438D-A51F-8BC2D6813675}.Release|Any CPU.ActiveCfg = Release|Any CPU
		{AC618F3C-800D-438D-A51F-8BC2D6813675}.Release|Any CPU.Build.0 = Release|Any CPU
	EndGlobalSection
	GlobalSection(SolutionProperties) = preSolution
		HideSolutionNode = FALSE
	EndGlobalSection
	GlobalSection(ExtensibilityGlobals) = postSolution
		SolutionGuid = {928E78D1-0404-4937-8A91-AB2B07B257E6}
	EndGlobalSection
EndGlobal
